<?xml version="1.0" encoding="utf-8"?>
<Project ToolsVersion="4.0" xmlns="http://schemas.microsoft.com/developer/msbuild/2003">
  <ItemGroup>
    <Filter Include="Source Files">
      <UniqueIdentifier>{4FC737F1-C7A5-4376-A066-2A32D752A2FF}</UniqueIdentifier>
      <Extensions>cpp;c;cc;cxx;def;odl;idl;hpj;bat;asm;asmx</Extensions>
    </Filter>
    <Filter Include="Header Files">
      <UniqueIdentifier>{93995380-89BD-4b04-88EB-625FBE52EBFB}</UniqueIdentifier>
      <Extensions>h;hh;hpp;hxx;hm;inl;inc;ipp;xsd</Extensions>
    </Filter>
    <Filter Include="Resource Files">
      <UniqueIdentifier>{67DA6AB6-F800-4c08-8B7A-83BB121AAD01}</UniqueIdentifier>
      <Extensions>rc;ico;cur;bmp;dlg;rc2;rct;bin;rgs;gif;jpg;jpeg;jpe;resx;tiff;tif;png;wav;mfcribbon-ms</Extensions>
    </Filter>
    <Filter Include="Header Files\Interfaces">
      <UniqueIdentifier>{a8be48bf-566e-45e7-aa4f-6b1d10faa136}</UniqueIdentifier>
    </Filter>
    <Filter Include="Source Files\Utils">
      <UniqueIdentifier>{a7ae94a0-4355-477f-ae21-6a00d0d2ee5e}</UniqueIdentifier>
    </Filter>
    <Filter Include="Header Files\Utils">
      <UniqueIdentifier>{47494310-858a-4166-9676-5c7acf94232c}</UniqueIdentifier>
    </Filter>
    <Filter Include="Source Files\Common">
      <UniqueIdentifier>{fdfa650c-39b0-4229-b6cd-96b18d80541d}</UniqueIdentifier>
    </Filter>
    <Filter Include="Header Files\Common">
      <UniqueIdentifier>{0f9a3d37-ca17-43b3-8170-9f9a2dc91b48}</UniqueIdentifier>
    </Filter>
    <Filter Include="Header Files\Utils\Matrix">
      <UniqueIdentifier>{c0a9d393-bd2e-4b3c-af90-351ce99d788d}</UniqueIdentifier>
    </Filter>
    <Filter Include="Source Files\Utils\Matrix">
      <UniqueIdentifier>{c150e156-9834-4ed4-ac3b-831f4a0ec673}</UniqueIdentifier>
    </Filter>
    <Filter Include="Resource Files\Shaders">
      <UniqueIdentifier>{55924cf8-2a0e-4b6d-97b2-2082d69d4c0f}</UniqueIdentifier>
    </Filter>
  </ItemGroup>
  <ItemGroup>
    <ClCompile Include="OpenGLTemplate.cpp">
      <Filter>Source Files</Filter>
    </ClCompile>
    <ClCompile Include="Source\Engine.cpp">
      <Filter>Source Files</Filter>
    </ClCompile>
    <ClCompile Include="Source\Screen.cpp">
      <Filter>Source Files</Filter>
    </ClCompile>
    <ClCompile Include="Source\Common\Constants.cpp">
      <Filter>Source Files\Common</Filter>
    </ClCompile>
    <ClCompile Include="Source\Common\Vec3.cpp">
      <Filter>Source Files\Common</Filter>
    </ClCompile>
    <ClCompile Include="Source\Common\Tris.cpp">
      <Filter>Source Files\Common</Filter>
    </ClCompile>
    <ClCompile Include="Source\Common\Vec1.cpp">
      <Filter>Source Files\Common</Filter>
    </ClCompile>
    <ClCompile Include="Source\Common\Vec2.cpp">
      <Filter>Source Files\Common</Filter>
    </ClCompile>
    <ClCompile Include="Source\Common\Shader.cpp">
      <Filter>Source Files\Common</Filter>
    </ClCompile>
    <ClCompile Include="Source\Utils\Matrix\Matrix.cpp">
      <Filter>Source Files\Utils\Matrix</Filter>
    </ClCompile>
    <ClCompile Include="Source\Common\Geometry.cpp">
      <Filter>Source Files\Common</Filter>
    </ClCompile>
    <ClCompile Include="Source\Utils\LoadedAssets.cpp">
      <Filter>Source Files\Utils</Filter>
    </ClCompile>
  </ItemGroup>
  <ItemGroup>
    <ClInclude Include="Headers\Interfaces\Updatable.h">
      <Filter>Header Files\Interfaces</Filter>
    </ClInclude>
    <ClInclude Include="Headers\Engine.h">
      <Filter>Header Files</Filter>
    </ClInclude>
    <ClInclude Include="Headers\Screen.h">
      <Filter>Header Files</Filter>
    </ClInclude>
    <ClInclude Include="Headers\Common\Constants.h">
      <Filter>Header Files\Common</Filter>
    </ClInclude>
    <ClInclude Include="Headers\Common\Vec3.h">
      <Filter>Header Files\Common</Filter>
    </ClInclude>
    <ClInclude Include="Headers\Common\Tris.h">
      <Filter>Header Files\Common</Filter>
    </ClInclude>
    <ClInclude Include="Headers\Common\Vec2.h">
      <Filter>Header Files\Common</Filter>
    </ClInclude>
    <ClInclude Include="Headers\Common\Vec1.h">
      <Filter>Header Files\Common</Filter>
    </ClInclude>
    <ClInclude Include="Headers\Common\Shader.h">
      <Filter>Header Files\Common</Filter>
    </ClInclude>
    <ClInclude Include="Headers\Utils\Matrix\Matrix.h">
      <Filter>Header Files\Utils\Matrix</Filter>
    </ClInclude>
    <ClInclude Include="Headers\Common\Geometry.h">
      <Filter>Header Files\Common</Filter>
    </ClInclude>
    <ClInclude Include="Headers\Utils\LoadedAssets.h">
      <Filter>Header Files\Utils</Filter>
    </ClInclude>
    <ClInclude Include="Headers\Utils\Debug.h">
      <Filter>Header Files\Utils</Filter>
    </ClInclude>
  </ItemGroup>
  <ItemGroup>
    <None Include="Resources\Shaders\trisFrag.shader">
      <Filter>Resource Files\Shaders</Filter>
    </None>
    <None Include="Resources\Shaders\trisVert.shader">
      <Filter>Resource Files\Shaders</Filter>
    </None>
  </ItemGroup>
</Project>